
Microsoft Visual Studio Solution File, Format Version 12.00
# Visual Studio Version 17
VisualStudioVersion = 17.9.34622.214
MinimumVisualStudioVersion = 10.0.40219.1
Project("{2150E333-8FDC-42A3-9474-1A3956D46DE8}") = "src", "src", "{521D67CD-F629-4BFA-87DA-74073C736186}"
EndProject
Project("{2150E333-8FDC-42A3-9474-1A3956D46DE8}") = "Services", "Services", "{AB888471-66FB-442D-BDE5-9F7790EFE694}"
EndProject
Project("{2150E333-8FDC-42A3-9474-1A3956D46DE8}") = "WebApps", "WebApps", "{5D4C269E-8555-4B04-B9F4-13B7A51F95BF}"
EndProject
Project("{2150E333-8FDC-42A3-9474-1A3956D46DE8}") = "ApiGateway", "ApiGateway", "{CCF9B9F3-1BD8-4B7F-A301-110F1078E083}"
EndProject
Project("{2150E333-8FDC-42A3-9474-1A3956D46DE8}") = "BuildingBlocks", "BuildingBlocks", "{76B65220-1041-46F0-AA43-1B505C0E12AC}"
EndProject
Project("{9A19103F-16F7-4668-BE54-9A1E7A4F7556}") = "Common.Logging", "src\BuildingBlocks\Common.Logging\Common.Logging.csproj", "{BA5DA57C-DF6E-4924-B61B-63701E582D14}"
EndProject
Project("{9A19103F-16F7-4668-BE54-9A1E7A4F7556}") = "EventBus.Messages", "src\BuildingBlocks\EventBus.Messages\EventBus.Messages.csproj", "{0D436932-94D4-4429-B615-EF939AFC75D2}"
EndProject
Project("{2150E333-8FDC-42A3-9474-1A3956D46DE8}") = "Product", "Product", "{FFF10675-9F7A-4429-BB43-6AA768FB1F72}"
EndProject
Project("{2150E333-8FDC-42A3-9474-1A3956D46DE8}") = "Ordering", "Ordering", "{CA2F12AC-C5CF-4276-AE4F-77BE0A82E651}"
EndProject
Project("{2150E333-8FDC-42A3-9474-1A3956D46DE8}") = "Basket", "Basket", "{80AAACC2-5CFB-403C-B868-3F32925D0A2F}"
EndProject
Project("{2150E333-8FDC-42A3-9474-1A3956D46DE8}") = "Inventory", "Inventory", "{B537AC04-B8C8-43B7-93D3-ECB2464C60D1}"
EndProject
Project("{2150E333-8FDC-42A3-9474-1A3956D46DE8}") = "Customer", "Customer", "{F3E70F2E-DA39-4AE6-B8A4-B9401242C657}"
EndProject
Project("{2150E333-8FDC-42A3-9474-1A3956D46DE8}") = "ScheduledJob", "ScheduledJob", "{26162C4A-70D5-4F4A-AC3E-BFDCFCBD7365}"
EndProject
Project("{9A19103F-16F7-4668-BE54-9A1E7A4F7556}") = "WebHealthStatus", "src\WebApps\WebHealthStatus\WebHealthStatus.csproj", "{D448CB81-8CB1-463B-A85A-B8A68401621A}"
EndProject
Project("{9A19103F-16F7-4668-BE54-9A1E7A4F7556}") = "Contract", "src\BuildingBlocks\Contract\Contract.csproj", "{50125D4C-0A06-400C-87A9-F6FE24A2DCBD}"
EndProject
Project("{9A19103F-16F7-4668-BE54-9A1E7A4F7556}") = "Infrastructure", "src\BuildingBlocks\Infrastructure\Infrastructure.csproj", "{72B274BC-F0DA-41FC-967B-275727813D70}"
EndProject
Project("{9A19103F-16F7-4668-BE54-9A1E7A4F7556}") = "Shared", "src\BuildingBlocks\Shared\Shared.csproj", "{6259FE84-6784-492A-8F10-AAEFB9668139}"
EndProject
Project("{9A19103F-16F7-4668-BE54-9A1E7A4F7556}") = "OcelotApiGateway", "src\ApiGateway\OcelotApiGateway\OcelotApiGateway.csproj", "{84A960BB-4B66-4FEC-B572-8CAB20C07BF5}"
EndProject
Project("{9A19103F-16F7-4668-BE54-9A1E7A4F7556}") = "Basket.API", "src\Services\Basket\Basket.API\Basket.API.csproj", "{6C047016-3B46-46AC-B798-A52EA8C9E001}"
EndProject
Project("{9A19103F-16F7-4668-BE54-9A1E7A4F7556}") = "Customer.API", "src\Services\Customer\Customer\Customer.API.csproj", "{B78BF930-A98E-4C0D-BA6B-D98CF4711678}"
EndProject
Project("{9A19103F-16F7-4668-BE54-9A1E7A4F7556}") = "Inventory.API", "src\Services\Inventory\Inventory\Inventory.API.csproj", "{C874373C-73CE-4139-AB0C-6F26D24713F7}"
EndProject
Project("{9A19103F-16F7-4668-BE54-9A1E7A4F7556}") = "Ordering.API", "src\Services\Ordering\Ordering.API\Ordering.API.csproj", "{7D0C6CCB-7AB3-4849-BAC2-50CC45FD872C}"
EndProject
Project("{9A19103F-16F7-4668-BE54-9A1E7A4F7556}") = "Product.API", "src\Services\Product\Product.API\Product.API.csproj", "{06C61A66-0D82-4293-9CB1-53FB0A624855}"
EndProject
Project("{9A19103F-16F7-4668-BE54-9A1E7A4F7556}") = "ScheduledJob.API", "src\Services\ScheduledJob\ScheduledJob.API\ScheduledJob.API.csproj", "{3C804A1F-0D91-485A-9E79-043B69BD4F8A}"
EndProject
Project("{2150E333-8FDC-42A3-9474-1A3956D46DE8}") = "Solution Items", "Solution Items", "{9491231B-95AE-430F-81C6-895D081D5132}"
	ProjectSection(SolutionItems) = preProject
		.gitignore = .gitignore
		docker-compose.override.yml = docker-compose.override.yml
		docker-compose.yml = docker-compose.yml
	EndProjectSection
EndProject
Project("{9A19103F-16F7-4668-BE54-9A1E7A4F7556}") = "Ordering.Domain", "src\Services\Ordering\Ordering.Domain\Ordering.Domain.csproj", "{91733134-7F09-4ADE-9DC0-ADBC6E3CCC81}"
EndProject
Project("{9A19103F-16F7-4668-BE54-9A1E7A4F7556}") = "Ordering.Application", "src\Services\Ordering\Ordering.Application\Ordering.Application.csproj", "{3436C3A1-1AA3-48E5-858D-6CEA4D179DC3}"
EndProject
Project("{9A19103F-16F7-4668-BE54-9A1E7A4F7556}") = "Ordering.Infrastructure", "src\Services\Ordering\Ordering.Infrastructure\Ordering.Infrastructure.csproj", "{E340098D-AFC9-46C7-8791-B03384F56C60}"
EndProject
Global
	GlobalSection(SolutionConfigurationPlatforms) = preSolution
		Debug|Any CPU = Debug|Any CPU
		Release|Any CPU = Release|Any CPU
	EndGlobalSection
	GlobalSection(ProjectConfigurationPlatforms) = postSolution
		{BA5DA57C-DF6E-4924-B61B-63701E582D14}.Debug|Any CPU.ActiveCfg = Debug|Any CPU
		{BA5DA57C-DF6E-4924-B61B-63701E582D14}.Debug|Any CPU.Build.0 = Debug|Any CPU
		{BA5DA57C-DF6E-4924-B61B-63701E582D14}.Release|Any CPU.ActiveCfg = Release|Any CPU
		{BA5DA57C-DF6E-4924-B61B-63701E582D14}.Release|Any CPU.Build.0 = Release|Any CPU
		{0D436932-94D4-4429-B615-EF939AFC75D2}.Debug|Any CPU.ActiveCfg = Debug|Any CPU
		{0D436932-94D4-4429-B615-EF939AFC75D2}.Debug|Any CPU.Build.0 = Debug|Any CPU
		{0D436932-94D4-4429-B615-EF939AFC75D2}.Release|Any CPU.ActiveCfg = Release|Any CPU
		{0D436932-94D4-4429-B615-EF939AFC75D2}.Release|Any CPU.Build.0 = Release|Any CPU
		{D448CB81-8CB1-463B-A85A-B8A68401621A}.Debug|Any CPU.ActiveCfg = Debug|Any CPU
		{D448CB81-8CB1-463B-A85A-B8A68401621A}.Debug|Any CPU.Build.0 = Debug|Any CPU
		{D448CB81-8CB1-463B-A85A-B8A68401621A}.Release|Any CPU.ActiveCfg = Release|Any CPU
		{D448CB81-8CB1-463B-A85A-B8A68401621A}.Release|Any CPU.Build.0 = Release|Any CPU
		{50125D4C-0A06-400C-87A9-F6FE24A2DCBD}.Debug|Any CPU.ActiveCfg = Debug|Any CPU
		{50125D4C-0A06-400C-87A9-F6FE24A2DCBD}.Debug|Any CPU.Build.0 = Debug|Any CPU
		{50125D4C-0A06-400C-87A9-F6FE24A2DCBD}.Release|Any CPU.ActiveCfg = Release|Any CPU
		{50125D4C-0A06-400C-87A9-F6FE24A2DCBD}.Release|Any CPU.Build.0 = Release|Any CPU
		{72B274BC-F0DA-41FC-967B-275727813D70}.Debug|Any CPU.ActiveCfg = Debug|Any CPU
		{72B274BC-F0DA-41FC-967B-275727813D70}.Debug|Any CPU.Build.0 = Debug|Any CPU
		{72B274BC-F0DA-41FC-967B-275727813D70}.Release|Any CPU.ActiveCfg = Release|Any CPU
		{72B274BC-F0DA-41FC-967B-275727813D70}.Release|Any CPU.Build.0 = Release|Any CPU
		{6259FE84-6784-492A-8F10-AAEFB9668139}.Debug|Any CPU.ActiveCfg = Debug|Any CPU
		{6259FE84-6784-492A-8F10-AAEFB9668139}.Debug|Any CPU.Build.0 = Debug|Any CPU
		{6259FE84-6784-492A-8F10-AAEFB9668139}.Release|Any CPU.ActiveCfg = Release|Any CPU
		{6259FE84-6784-492A-8F10-AAEFB9668139}.Release|Any CPU.Build.0 = Release|Any CPU
		{84A960BB-4B66-4FEC-B572-8CAB20C07BF5}.Debug|Any CPU.ActiveCfg = Debug|Any CPU
		{84A960BB-4B66-4FEC-B572-8CAB20C07BF5}.Debug|Any CPU.Build.0 = Debug|Any CPU
		{84A960BB-4B66-4FEC-B572-8CAB20C07BF5}.Release|Any CPU.ActiveCfg = Release|Any CPU
		{84A960BB-4B66-4FEC-B572-8CAB20C07BF5}.Release|Any CPU.Build.0 = Release|Any CPU
		{6C047016-3B46-46AC-B798-A52EA8C9E001}.Debug|Any CPU.ActiveCfg = Debug|Any CPU
		{6C047016-3B46-46AC-B798-A52EA8C9E001}.Debug|Any CPU.Build.0 = Debug|Any CPU
		{6C047016-3B46-46AC-B798-A52EA8C9E001}.Release|Any CPU.ActiveCfg = Release|Any CPU
		{6C047016-3B46-46AC-B798-A52EA8C9E001}.Release|Any CPU.Build.0 = Release|Any CPU
		{B78BF930-A98E-4C0D-BA6B-D98CF4711678}.Debug|Any CPU.ActiveCfg = Debug|Any CPU
		{B78BF930-A98E-4C0D-BA6B-D98CF4711678}.Debug|Any CPU.Build.0 = Debug|Any CPU
		{B78BF930-A98E-4C0D-BA6B-D98CF4711678}.Release|Any CPU.ActiveCfg = Release|Any CPU
		{B78BF930-A98E-4C0D-BA6B-D98CF4711678}.Release|Any CPU.Build.0 = Release|Any CPU
		{C874373C-73CE-4139-AB0C-6F26D24713F7}.Debug|Any CPU.ActiveCfg = Debug|Any CPU
		{C874373C-73CE-4139-AB0C-6F26D24713F7}.Debug|Any CPU.Build.0 = Debug|Any CPU
		{C874373C-73CE-4139-AB0C-6F26D24713F7}.Release|Any CPU.ActiveCfg = Release|Any CPU
		{C874373C-73CE-4139-AB0C-6F26D24713F7}.Release|Any CPU.Build.0 = Release|Any CPU
		{7D0C6CCB-7AB3-4849-BAC2-50CC45FD872C}.Debug|Any CPU.ActiveCfg = Debug|Any CPU
		{7D0C6CCB-7AB3-4849-BAC2-50CC45FD872C}.Debug|Any CPU.Build.0 = Debug|Any CPU
		{7D0C6CCB-7AB3-4849-BAC2-50CC45FD872C}.Release|Any CPU.ActiveCfg = Release|Any CPU
		{7D0C6CCB-7AB3-4849-BAC2-50CC45FD872C}.Release|Any CPU.Build.0 = Release|Any CPU
		{06C61A66-0D82-4293-9CB1-53FB0A624855}.Debug|Any CPU.ActiveCfg = Debug|Any CPU
		{06C61A66-0D82-4293-9CB1-53FB0A624855}.Debug|Any CPU.Build.0 = Debug|Any CPU
		{06C61A66-0D82-4293-9CB1-53FB0A624855}.Release|Any CPU.ActiveCfg = Release|Any CPU
		{06C61A66-0D82-4293-9CB1-53FB0A624855}.Release|Any CPU.Build.0 = Release|Any CPU
		{3C804A1F-0D91-485A-9E79-043B69BD4F8A}.Debug|Any CPU.ActiveCfg = Debug|Any CPU
		{3C804A1F-0D91-485A-9E79-043B69BD4F8A}.Debug|Any CPU.Build.0 = Debug|Any CPU
		{3C804A1F-0D91-485A-9E79-043B69BD4F8A}.Release|Any CPU.ActiveCfg = Release|Any CPU
		{3C804A1F-0D91-485A-9E79-043B69BD4F8A}.Release|Any CPU.Build.0 = Release|Any CPU
		{91733134-7F09-4ADE-9DC0-ADBC6E3CCC81}.Debug|Any CPU.ActiveCfg = Debug|Any CPU
		{91733134-7F09-4ADE-9DC0-ADBC6E3CCC81}.Debug|Any CPU.Build.0 = Debug|Any CPU
		{91733134-7F09-4ADE-9DC0-ADBC6E3CCC81}.Release|Any CPU.ActiveCfg = Release|Any CPU
		{91733134-7F09-4ADE-9DC0-ADBC6E3CCC81}.Release|Any CPU.Build.0 = Release|Any CPU
		{3436C3A1-1AA3-48E5-858D-6CEA4D179DC3}.Debug|Any CPU.ActiveCfg = Debug|Any CPU
		{3436C3A1-1AA3-48E5-858D-6CEA4D179DC3}.Debug|Any CPU.Build.0 = Debug|Any CPU
		{3436C3A1-1AA3-48E5-858D-6CEA4D179DC3}.Release|Any CPU.ActiveCfg = Release|Any CPU
		{3436C3A1-1AA3-48E5-858D-6CEA4D179DC3}.Release|Any CPU.Build.0 = Release|Any CPU
		{E340098D-AFC9-46C7-8791-B03384F56C60}.Debug|Any CPU.ActiveCfg = Debug|Any CPU
		{E340098D-AFC9-46C7-8791-B03384F56C60}.Debug|Any CPU.Build.0 = Debug|Any CPU
		{E340098D-AFC9-46C7-8791-B03384F56C60}.Release|Any CPU.ActiveCfg = Release|Any CPU
		{E340098D-AFC9-46C7-8791-B03384F56C60}.Release|Any CPU.Build.0 = Release|Any CPU
	EndGlobalSection
	GlobalSection(SolutionProperties) = preSolution
		HideSolutionNode = FALSE
	EndGlobalSection
	GlobalSection(NestedProjects) = preSolution
		{AB888471-66FB-442D-BDE5-9F7790EFE694} = {521D67CD-F629-4BFA-87DA-74073C736186}
		{5D4C269E-8555-4B04-B9F4-13B7A51F95BF} = {521D67CD-F629-4BFA-87DA-74073C736186}
		{CCF9B9F3-1BD8-4B7F-A301-110F1078E083} = {521D67CD-F629-4BFA-87DA-74073C736186}
		{76B65220-1041-46F0-AA43-1B505C0E12AC} = {521D67CD-F629-4BFA-87DA-74073C736186}
		{BA5DA57C-DF6E-4924-B61B-63701E582D14} = {76B65220-1041-46F0-AA43-1B505C0E12AC}
		{0D436932-94D4-4429-B615-EF939AFC75D2} = {76B65220-1041-46F0-AA43-1B505C0E12AC}
		{FFF10675-9F7A-4429-BB43-6AA768FB1F72} = {AB888471-66FB-442D-BDE5-9F7790EFE694}
		{CA2F12AC-C5CF-4276-AE4F-77BE0A82E651} = {AB888471-66FB-442D-BDE5-9F7790EFE694}
		{80AAACC2-5CFB-403C-B868-3F32925D0A2F} = {AB888471-66FB-442D-BDE5-9F7790EFE694}
		{B537AC04-B8C8-43B7-93D3-ECB2464C60D1} = {AB888471-66FB-442D-BDE5-9F7790EFE694}
		{F3E70F2E-DA39-4AE6-B8A4-B9401242C657} = {AB888471-66FB-442D-BDE5-9F7790EFE694}
		{26162C4A-70D5-4F4A-AC3E-BFDCFCBD7365} = {AB888471-66FB-442D-BDE5-9F7790EFE694}
		{D448CB81-8CB1-463B-A85A-B8A68401621A} = {5D4C269E-8555-4B04-B9F4-13B7A51F95BF}
		{50125D4C-0A06-400C-87A9-F6FE24A2DCBD} = {76B65220-1041-46F0-AA43-1B505C0E12AC}
		{72B274BC-F0DA-41FC-967B-275727813D70} = {76B65220-1041-46F0-AA43-1B505C0E12AC}
		{6259FE84-6784-492A-8F10-AAEFB9668139} = {76B65220-1041-46F0-AA43-1B505C0E12AC}
		{84A960BB-4B66-4FEC-B572-8CAB20C07BF5} = {CCF9B9F3-1BD8-4B7F-A301-110F1078E083}
		{6C047016-3B46-46AC-B798-A52EA8C9E001} = {80AAACC2-5CFB-403C-B868-3F32925D0A2F}
		{B78BF930-A98E-4C0D-BA6B-D98CF4711678} = {F3E70F2E-DA39-4AE6-B8A4-B9401242C657}
		{C874373C-73CE-4139-AB0C-6F26D24713F7} = {B537AC04-B8C8-43B7-93D3-ECB2464C60D1}
		{7D0C6CCB-7AB3-4849-BAC2-50CC45FD872C} = {CA2F12AC-C5CF-4276-AE4F-77BE0A82E651}
		{06C61A66-0D82-4293-9CB1-53FB0A624855} = {FFF10675-9F7A-4429-BB43-6AA768FB1F72}
		{3C804A1F-0D91-485A-9E79-043B69BD4F8A} = {26162C4A-70D5-4F4A-AC3E-BFDCFCBD7365}
		{91733134-7F09-4ADE-9DC0-ADBC6E3CCC81} = {CA2F12AC-C5CF-4276-AE4F-77BE0A82E651}
		{3436C3A1-1AA3-48E5-858D-6CEA4D179DC3} = {CA2F12AC-C5CF-4276-AE4F-77BE0A82E651}
		{E340098D-AFC9-46C7-8791-B03384F56C60} = {CA2F12AC-C5CF-4276-AE4F-77BE0A82E651}
	EndGlobalSection
	GlobalSection(ExtensibilityGlobals) = postSolution
		SolutionGuid = {6702211D-78FD-41EC-954F-FD9AC84AE40E}
	EndGlobalSection
EndGlobal
